
Microsoft Visual Studio Solution File, Format Version 12.00
# Visual Studio Version 17
VisualStudioVersion = 17.6.33723.286
MinimumVisualStudioVersion = 10.0.40219.1
Project("{FAE04EC0-301F-11D3-BF4B-00C04F79EFBC}") = "Clients", "Clients\Clients.csproj", "{41A1F188-2DBF-4565-B193-E97C51CF486D}"
EndProject
Global
	GlobalSection(SolutionConfigurationPlatforms) = preSolution
		Debug|Any CPU = Debug|Any CPU
		Release|Any CPU = Release|Any CPU
	EndGlobalSection
	GlobalSection(ProjectConfigurationPlatforms) = postSolution
		{41A1F188-2DBF-4565-B193-E97C51CF486D}.Debug|Any CPU.ActiveCfg = Debug|Any CPU
		{41A1F188-2DBF-4565-B193-E97C51CF486D}.Debug|Any CPU.Build.0 = Debug|Any CPU
		{41A1F188-2DBF-4565-B193-E97C51CF486D}.Release|Any CPU.ActiveCfg = Release|Any CPU
		{41A1F188-2DBF-4565-B193-E97C51CF486D}.Release|Any CPU.Build.0 = Release|Any CPU
	EndGlobalSection
	GlobalSection(SolutionProperties) = preSolution
		HideSolutionNode = FALSE
	EndGlobalSection
	GlobalSection(ExtensibilityGlobals) = postSolution
		SolutionGuid = {60281AC1-D7D7-4B61-9086-50AB58C5A83F}
	EndGlobalSection
EndGlobal
