
Microsoft Visual Studio Solution File, Format Version 12.00
# Visual Studio Version 17
VisualStudioVersion = 17.6.33723.286
MinimumVisualStudioVersion = 10.0.40219.1
Project("{FAE04EC0-301F-11D3-BF4B-00C04F79EFBC}") = "DataAccess", "DataAccess\DataAccess.csproj", "{9C19A349-512F-4C60-A5C7-F00C6C40326E}"
EndProject
Project("{FAE04EC0-301F-11D3-BF4B-00C04F79EFBC}") = "Client", "Client\Client.csproj", "{BB943F3D-DDF2-4BA6-9603-CEB21D80C2B9}"
EndProject
Project("{FAE04EC0-301F-11D3-BF4B-00C04F79EFBC}") = "Serverr", "Serverr\Serverr.csproj", "{4814C207-1A81-4DE0-BAC7-8EC84C64C507}"
EndProject
Global
	GlobalSection(SolutionConfigurationPlatforms) = preSolution
		Debug|Any CPU = Debug|Any CPU
		Release|Any CPU = Release|Any CPU
	EndGlobalSection
	GlobalSection(ProjectConfigurationPlatforms) = postSolution
		{9C19A349-512F-4C60-A5C7-F00C6C40326E}.Debug|Any CPU.ActiveCfg = Debug|Any CPU
		{9C19A349-512F-4C60-A5C7-F00C6C40326E}.Debug|Any CPU.Build.0 = Debug|Any CPU
		{9C19A349-512F-4C60-A5C7-F00C6C40326E}.Release|Any CPU.ActiveCfg = Release|Any CPU
		{9C19A349-512F-4C60-A5C7-F00C6C40326E}.Release|Any CPU.Build.0 = Release|Any CPU
		{BB943F3D-DDF2-4BA6-9603-CEB21D80C2B9}.Debug|Any CPU.ActiveCfg = Debug|Any CPU
		{BB943F3D-DDF2-4BA6-9603-CEB21D80C2B9}.Debug|Any CPU.Build.0 = Debug|Any CPU
		{BB943F3D-DDF2-4BA6-9603-CEB21D80C2B9}.Release|Any CPU.ActiveCfg = Release|Any CPU
		{BB943F3D-DDF2-4BA6-9603-CEB21D80C2B9}.Release|Any CPU.Build.0 = Release|Any CPU
		{4814C207-1A81-4DE0-BAC7-8EC84C64C507}.Debug|Any CPU.ActiveCfg = Debug|Any CPU
		{4814C207-1A81-4DE0-BAC7-8EC84C64C507}.Debug|Any CPU.Build.0 = Debug|Any CPU
		{4814C207-1A81-4DE0-BAC7-8EC84C64C507}.Release|Any CPU.ActiveCfg = Release|Any CPU
		{4814C207-1A81-4DE0-BAC7-8EC84C64C507}.Release|Any CPU.Build.0 = Release|Any CPU
	EndGlobalSection
	GlobalSection(SolutionProperties) = preSolution
		HideSolutionNode = FALSE
	EndGlobalSection
	GlobalSection(ExtensibilityGlobals) = postSolution
		SolutionGuid = {F7AFBA27-0607-4731-B1D4-9A7AA8B3E824}
	EndGlobalSection
EndGlobal
