
Microsoft Visual Studio Solution File, Format Version 12.00
# Visual Studio Version 17
VisualStudioVersion = 17.6.33723.286
MinimumVisualStudioVersion = 10.0.40219.1
Project("{FAE04EC0-301F-11D3-BF4B-00C04F79EFBC}") = "3333", "3333\3333.csproj", "{EF29A0AF-453D-47D5-86E0-102ED19B5139}"
EndProject
Global
	GlobalSection(SolutionConfigurationPlatforms) = preSolution
		Debug|Any CPU = Debug|Any CPU
		Release|Any CPU = Release|Any CPU
	EndGlobalSection
	GlobalSection(ProjectConfigurationPlatforms) = postSolution
		{EF29A0AF-453D-47D5-86E0-102ED19B5139}.Debug|Any CPU.ActiveCfg = Debug|Any CPU
		{EF29A0AF-453D-47D5-86E0-102ED19B5139}.Debug|Any CPU.Build.0 = Debug|Any CPU
		{EF29A0AF-453D-47D5-86E0-102ED19B5139}.Release|Any CPU.ActiveCfg = Release|Any CPU
		{EF29A0AF-453D-47D5-86E0-102ED19B5139}.Release|Any CPU.Build.0 = Release|Any CPU
	EndGlobalSection
	GlobalSection(SolutionProperties) = preSolution
		HideSolutionNode = FALSE
	EndGlobalSection
	GlobalSection(ExtensibilityGlobals) = postSolution
		SolutionGuid = {BF00EEA7-DAB5-409D-A2CB-FB869B7D663C}
	EndGlobalSection
EndGlobal
